// !$*UTF8*$!
{
	archiveVersion = 1;
	classes = {
	};
	objectVersion = 77;
	objects = {

/* Begin PBXContainerItemProxy section */
		CDB6F37A2EDC7F6600F0068D /* PBXContainerItemProxy */ = {
			isa = PBXContainerItemProxy;
			containerPortal = CDB6F3642EDC7F6500F0068D /* Project object */;
			proxyType = 1;
			remoteGlobalIDString = CDB6F36B2EDC7F6500F0068D;
			remoteInfo = "hiajaa_challenge 3";
		};
		CDB6F3842EDC7F6600F0068D /* PBXContainerItemProxy */ = {
			isa = PBXContainerItemProxy;
			containerPortal = CDB6F3642EDC7F6500F0068D /* Project object */;
			proxyType = 1;
			remoteGlobalIDString = CDB6F36B2EDC7F6500F0068D;
			remoteInfo = "hiajaa_challenge 3";
		};
/* End PBXContainerItemProxy section */

/* Begin PBXFileReference section */
		CDB6F36C2EDC7F6500F0068D /* hiajaa_challenge 3.app */ = {isa = PBXFileReference; explicitFileType = wrapper.application; includeInIndex = 0; path = "hiajaa_challenge 3.app"; sourceTree = BUILT_PRODUCTS_DIR; };
		CDB6F3792EDC7F6600F0068D /* hiajaa_challenge 3Tests.xctest */ = {isa = PBXFileReference; explicitFileType = wrapper.cfbundle; includeInIndex = 0; path = "hiajaa_challenge 3Tests.xctest"; sourceTree = BUILT_PRODUCTS_DIR; };
		CDB6F3832EDC7F6600F0068D /* hiajaa_challenge 3UITests.xctest */ = {isa = PBXFileReference; explicitFileType = wrapper.cfbundle; includeInIndex = 0; path = "hiajaa_challenge 3UITests.xctest"; sourceTree = BUILT_PRODUCTS_DIR; };
/* End PBXFileReference section */

/* Begin PBXFileSystemSynchronizedRootGroup section */
		CDB6F36E2EDC7F6500F0068D /* hiajaa_challenge 3 */ = {
			isa = PBXFileSystemSynchronizedRootGroup;
			path = "hiajaa_challenge 3";
			sourceTree = "<group>";
		};
		CDB6F37C2EDC7F6600F0068D /* hiajaa_challenge 3Tests */ = {
			isa = PBXFileSystemSynchronizedRootGroup;
			path = "hiajaa_challenge 3Tests";
			sourceTree = "<group>";
		};
		CDB6F3862EDC7F6600F0068D /* hiajaa_challenge 3UITests */ = {
			isa = PBXFileSystemSynchronizedRootGroup;
			path = "hiajaa_challenge 3UITests";
			sourceTree = "<group>";
		};
/* End PBXFileSystemSynchronizedRootGroup section */

/* Begin PBXFrameworksBuildPhase section */
		CDB6F3692EDC7F6500F0068D /* Frameworks */ = {
			isa = PBXFrameworksBuildPhase;
			buildActionMask = 2147483647;
			files = (
			);
			runOnlyForDeploymentPostprocessing = 0;
		};
		CDB6F3762EDC7F6600F0068D /* Frameworks */ = {
			isa = PBXFrameworksBuildPhase;
			buildActionMask = 2147483647;
			files = (
			);
			runOnlyForDeploymentPostprocessing = 0;
		};
		CDB6F3802EDC7F6600F0068D /* Frameworks */ = {
			isa = PBXFrameworksBuildPhase;
			buildActionMask = 2147483647;
			files = (
			);
			runOnlyForDeploymentPostprocessing = 0;
		};
/* End PBXFrameworksBuildPhase section */

/* Begin PBXGroup section */
		CDB6F3632EDC7F6500F0068D = {
			isa = PBXGroup;
			children = (
				CDB6F36E2EDC7F6500F0068D /* hiajaa_challenge 3 */,
				CDB6F37C2EDC7F6600F0068D /* hiajaa_challenge 3Tests */,
				CDB6F3862EDC7F6600F0068D /* hiajaa_challenge 3UITests */,
				CDB6F36D2EDC7F6500F0068D /* Products */,
			);
			sourceTree = "<group>";
		};
		CDB6F36D2EDC7F6500F0068D /* Products */ = {
			isa = PBXGroup;
			children = (
				CDB6F36C2EDC7F6500F0068D /* hiajaa_challenge 3.app */,
				CDB6F3792EDC7F6600F0068D /* hiajaa_challenge 3Tests.xctest */,
				CDB6F3832EDC7F6600F0068D /* hiajaa_challenge 3UITests.xctest */,
			);
			name = Products;
			sourceTree = "<group>";
		};
/* End PBXGroup section */

/* Begin PBXNativeTarget section */
		CDB6F36B2EDC7F6500F0068D /* hiajaa_challenge 3 */ = {
			isa = PBXNativeTarget;
			buildConfigurationList = CDB6F38D2EDC7F6600F0068D /* Build configuration list for PBXNativeTarget "hiajaa_challenge 3" */;
			buildPhases = (
				CDB6F3682EDC7F6500F0068D /* Sources */,
				CDB6F3692EDC7F6500F0068D /* Frameworks */,
				CDB6F36A2EDC7F6500F0068D /* Resources */,
			);
			buildRules = (
			);
			dependencies = (
			);
			fileSystemSynchronizedGroups = (
				CDB6F36E2EDC7F6500F0068D /* hiajaa_challenge 3 */,
			);
			name = "hiajaa_challenge 3";
			packageProductDependencies = (
			);
			productName = "hiajaa_challenge 3";
			productReference = CDB6F36C2EDC7F6500F0068D /* hiajaa_challenge 3.app */;
			productType = "com.apple.product-type.application";
		};
		CDB6F3782EDC7F6600F0068D /* hiajaa_challenge 3Tests */ = {
			isa = PBXNativeTarget;
			buildConfigurationList = CDB6F3902EDC7F6600F0068D /* Build configuration list for PBXNativeTarget "hiajaa_challenge 3Tests" */;
			buildPhases = (
				CDB6F3752EDC7F6600F0068D /* Sources */,
				CDB6F3762EDC7F6600F0068D /* Frameworks */,
				CDB6F3772EDC7F6600F0068D /* Resources */,
			);
			buildRules = (
			);
			dependencies = (
				CDB6F37B2EDC7F6600F0068D /* PBXTargetDependency */,
			);
			fileSystemSynchronizedGroups = (
				CDB6F37C2EDC7F6600F0068D /* hiajaa_challenge 3Tests */,
			);
			name = "hiajaa_challenge 3Tests";
			packageProductDependencies = (
			);
			productName = "hiajaa_challenge 3Tests";
			productReference = CDB6F3792EDC7F6600F0068D /* hiajaa_challenge 3Tests.xctest */;
			productType = "com.apple.product-type.bundle.unit-test";
		};
		CDB6F3822EDC7F6600F0068D /* hiajaa_challenge 3UITests */ = {
			isa = PBXNativeTarget;
			buildConfigurationList = CDB6F3932EDC7F6600F0068D /* Build configuration list for PBXNativeTarget "hiajaa_challenge 3UITests" */;
			buildPhases = (
				CDB6F37F2EDC7F6600F0068D /* Sources */,
				CDB6F3802EDC7F6600F0068D /* Frameworks */,
				CDB6F3812EDC7F6600F0068D /* Resources */,
			);
			buildRules = (
			);
			dependencies = (
				CDB6F3852EDC7F6600F0068D /* PBXTargetDependency */,
			);
			fileSystemSynchronizedGroups = (
				CDB6F3862EDC7F6600F0068D /* hiajaa_challenge 3UITests */,
			);
			name = "hiajaa_challenge 3UITests";
			packageProductDependencies = (
			);
			productName = "hiajaa_challenge 3UITests";
			productReference = CDB6F3832EDC7F6600F0068D /* hiajaa_challenge 3UITests.xctest */;
			productType = "com.apple.product-type.bundle.ui-testing";
		};
/* End PBXNativeTarget section */

/* Begin PBXProject section */
		CDB6F3642EDC7F6500F0068D /* Project object */ = {
			isa = PBXProject;
			attributes = {
				BuildIndependentTargetsInParallel = 1;
				LastSwiftUpdateCheck = 2600;
				LastUpgradeCheck = 2600;
				TargetAttributes = {
					CDB6F36B2EDC7F6500F0068D = {
						CreatedOnToolsVersion = 26.0.1;
					};
					CDB6F3782EDC7F6600F0068D = {
						CreatedOnToolsVersion = 26.0.1;
						TestTargetID = CDB6F36B2EDC7F6500F0068D;
					};
					CDB6F3822EDC7F6600F0068D = {
						CreatedOnToolsVersion = 26.0.1;
						TestTargetID = CDB6F36B2EDC7F6500F0068D;
					};
				};
			};
			buildConfigurationList = CDB6F3672EDC7F6500F0068D /* Build configuration list for PBXProject "hiajaa_challenge 3" */;
			developmentRegion = en;
			hasScannedForEncodings = 0;
			knownRegions = (
				en,
				Base,
			);
			mainGroup = CDB6F3632EDC7F6500F0068D;
			minimizedProjectReferenceProxies = 1;
			preferredProjectObjectVersion = 77;
			productRefGroup = CDB6F36D2EDC7F6500F0068D /* Products */;
			projectDirPath = "";
			projectRoot = "";
			targets = (
				CDB6F36B2EDC7F6500F0068D /* hiajaa_challenge 3 */,
				CDB6F3782EDC7F6600F0068D /* hiajaa_challenge 3Tests */,
				CDB6F3822EDC7F6600F0068D /* hiajaa_challenge 3UITests */,
			);
		};
/* End PBXProject section */

/* Begin PBXResourcesBuildPhase section */
		CDB6F36A2EDC7F6500F0068D /* Resources */ = {
			isa = PBXResourcesBuildPhase;
			buildActionMask = 2147483647;
			files = (
			);
			runOnlyForDeploymentPostprocessing = 0;
		};
		CDB6F3772EDC7F6600F0068D /* Resources */ = {
			isa = PBXResourcesBuildPhase;
			buildActionMask = 2147483647;
			files = (
			);
			runOnlyForDeploymentPostprocessing = 0;
		};
		CDB6F3812EDC7F6600F0068D /* Resources */ = {
			isa = PBXResourcesBuildPhase;
			buildActionMask = 2147483647;
			files = (
			);
			runOnlyForDeploymentPostprocessing = 0;
		};
/* End PBXResourcesBuildPhase section */

/* Begin PBXSourcesBuildPhase section */
		CDB6F3682EDC7F6500F0068D /* Sources */ = {
			isa = PBXSourcesBuildPhase;
			buildActionMask = 2147483647;
			files = (
			);
			runOnlyForDeploymentPostprocessing = 0;
		};
		CDB6F3752EDC7F6600F0068D /* Sources */ = {
			isa = PBXSourcesBuildPhase;
			buildActionMask = 2147483647;
			files = (
			);
			runOnlyForDeploymentPostprocessing = 0;
		};
		CDB6F37F2EDC7F6600F0068D /* Sources */ = {
			isa = PBXSourcesBuildPhase;
			buildActionMask = 2147483647;
			files = (
			);
			runOnlyForDeploymentPostprocessing = 0;
		};
/* End PBXSourcesBuildPhase section */

/* Begin PBXTargetDependency section */
		CDB6F37B2EDC7F6600F0068D /* PBXTargetDependency */ = {
			isa = PBXTargetDependency;
			target = CDB6F36B2EDC7F6500F0068D /* hiajaa_challenge 3 */;
			targetProxy = CDB6F37A2EDC7F6600F0068D /* PBXContainerItemProxy */;
		};
		CDB6F3852EDC7F6600F0068D /* PBXTargetDependency */ = {
			isa = PBXTargetDependency;
			target = CDB6F36B2EDC7F6500F0068D /* hiajaa_challenge 3 */;
			targetProxy = CDB6F3842EDC7F6600F0068D /* PBXContainerItemProxy */;
		};
/* End PBXTargetDependency section */

/* Begin XCBuildConfiguration section */
		CDB6F38B2EDC7F6600F0068D /* Debug */ = {
			isa = XCBuildConfiguration;
			buildSettings = {
				ALWAYS_SEARCH_USER_PATHS = NO;
				ASSETCATALOG_COMPILER_GENERATE_SWIFT_ASSET_SYMBOL_EXTENSIONS = YES;
				CLANG_ANALYZER_NONNULL = YES;
				CLANG_ANALYZER_NUMBER_OBJECT_CONVERSION = YES_AGGRESSIVE;
				CLANG_CXX_LANGUAGE_STANDARD = "gnu++20";
				CLANG_ENABLE_MODULES = YES;
				CLANG_ENABLE_OBJC_ARC = YES;
				CLANG_ENABLE_OBJC_WEAK = YES;
				CLANG_WARN_BLOCK_CAPTURE_AUTORELEASING = YES;
				CLANG_WARN_BOOL_CONVERSION = YES;
				CLANG_WARN_COMMA = YES;
				CLANG_WARN_CONSTANT_CONVERSION = YES;
				CLANG_WARN_DEPRECATED_OBJC_IMPLEMENTATIONS = YES;
				CLANG_WARN_DIRECT_OBJC_ISA_USAGE = YES_ERROR;
				CLANG_WARN_DOCUMENTATION_COMMENTS = YES;
				CLANG_WARN_EMPTY_BODY = YES;
				CLANG_WARN_ENUM_CONVERSION = YES;
				CLANG_WARN_INFINITE_RECURSION = YES;
				CLANG_WARN_INT_CONVERSION = YES;
				CLANG_WARN_NON_LITERAL_NULL_CONVERSION = YES;
				CLANG_WARN_OBJC_IMPLICIT_RETAIN_SELF = YES;
				CLANG_WARN_OBJC_LITERAL_CONVERSION = YES;
				CLANG_WARN_OBJC_ROOT_CLASS = YES_ERROR;
				CLANG_WARN_QUOTED_INCLUDE_IN_FRAMEWORK_HEADER = YES;
				CLANG_WARN_RANGE_LOOP_ANALYSIS = YES;
				CLANG_WARN_STRICT_PROTOTYPES = YES;
				CLANG_WARN_SUSPICIOUS_MOVE = YES;
				CLANG_WARN_UNGUARDED_AVAILABILITY = YES_AGGRESSIVE;
				CLANG_WARN_UNREACHABLE_CODE = YES;
				CLANG_WARN__DUPLICATE_METHOD_MATCH = YES;
				COPY_PHASE_STRIP = NO;
				DEBUG_INFORMATION_FORMAT = dwarf;
				DEVELOPMENT_TEAM = 6FWFT83RND;
				ENABLE_STRICT_OBJC_MSGSEND = YES;
				ENABLE_TESTABILITY = YES;
				ENABLE_USER_SCRIPT_SANDBOXING = YES;
				GCC_C_LANGUAGE_STANDARD = gnu17;
				GCC_DYNAMIC_NO_PIC = NO;
				GCC_NO_COMMON_BLOCKS = YES;
				GCC_OPTIMIZATION_LEVEL = 0;
				GCC_PREPROCESSOR_DEFINITIONS = (
					"DEBUG=1",
					"$(inherited)",
				);
				GCC_WARN_64_TO_32_BIT_CONVERSION = YES;
				GCC_WARN_ABOUT_RETURN_TYPE = YES_ERROR;
				GCC_WARN_UNDECLARED_SELECTOR = YES;
				GCC_WARN_UNINITIALIZED_AUTOS = YES_AGGRESSIVE;
				GCC_WARN_UNUSED_FUNCTION = YES;
				GCC_WARN_UNUSED_VARIABLE = YES;
				IPHONEOS_DEPLOYMENT_TARGET = 26.0;
				LOCALIZATION_PREFERS_STRING_CATALOGS = YES;
				MTL_ENABLE_DEBUG_INFO = INCLUDE_SOURCE;
				MTL_FAST_MATH = YES;
				ONLY_ACTIVE_ARCH = YES;
				SDKROOT = iphoneos;
				SWIFT_ACTIVE_COMPILATION_CONDITIONS = "DEBUG $(inherited)";
				SWIFT_OPTIMIZATION_LEVEL = "-Onone";
			};
			name = Debug;
		};
		CDB6F38C2EDC7F6600F0068D /* Release */ = {
			isa = XCBuildConfiguration;
			buildSettings = {
				ALWAYS_SEARCH_USER_PATHS = NO;
				ASSETCATALOG_COMPILER_GENERATE_SWIFT_ASSET_SYMBOL_EXTENSIONS = YES;
				CLANG_ANALYZER_NONNULL = YES;
				CLANG_ANALYZER_NUMBER_OBJECT_CONVERSION = YES_AGGRESSIVE;
				CLANG_CXX_LANGUAGE_STANDARD = "gnu++20";
				CLANG_ENABLE_MODULES = YES;
				CLANG_ENABLE_OBJC_ARC = YES;
				CLANG_ENABLE_OBJC_WEAK = YES;
				CLANG_WARN_BLOCK_CAPTURE_AUTORELEASING = YES;
				CLANG_WARN_BOOL_CONVERSION = YES;
				CLANG_WARN_COMMA = YES;
				CLANG_WARN_CONSTANT_CONVERSION = YES;
				CLANG_WARN_DEPRECATED_OBJC_IMPLEMENTATIONS = YES;
				CLANG_WARN_DIRECT_OBJC_ISA_USAGE = YES_ERROR;
				CLANG_WARN_DOCUMENTATION_COMMENTS = YES;
				CLANG_WARN_EMPTY_BODY = YES;
				CLANG_WARN_ENUM_CONVERSION = YES;
				CLANG_WARN_INFINITE_RECURSION = YES;
				CLANG_WARN_INT_CONVERSION = YES;
				CLANG_WARN_NON_LITERAL_NULL_CONVERSION = YES;
				CLANG_WARN_OBJC_IMPLICIT_RETAIN_SELF = YES;
				CLANG_WARN_OBJC_LITERAL_CONVERSION = YES;
				CLANG_WARN_OBJC_ROOT_CLASS = YES_ERROR;
				CLANG_WARN_QUOTED_INCLUDE_IN_FRAMEWORK_HEADER = YES;
				CLANG_WARN_RANGE_LOOP_ANALYSIS = YES;
				CLANG_WARN_STRICT_PROTOTYPES = YES;
				CLANG_WARN_SUSPICIOUS_MOVE = YES;
				CLANG_WARN_UNGUARDED_AVAILABILITY = YES_AGGRESSIVE;
				CLANG_WARN_UNREACHABLE_CODE = YES;
				CLANG_WARN__DUPLICATE_METHOD_MATCH = YES;
				COPY_PHASE_STRIP = NO;
				DEBUG_INFORMATION_FORMAT = "dwarf-with-dsym";
				DEVELOPMENT_TEAM = 6FWFT83RND;
				ENABLE_NS_ASSERTIONS = NO;
				ENABLE_STRICT_OBJC_MSGSEND = YES;
				ENABLE_USER_SCRIPT_SANDBOXING = YES;
				GCC_C_LANGUAGE_STANDARD = gnu17;
				GCC_NO_COMMON_BLOCKS = YES;
				GCC_WARN_64_TO_32_BIT_CONVERSION = YES;
				GCC_WARN_ABOUT_RETURN_TYPE = YES_ERROR;
				GCC_WARN_UNDECLARED_SELECTOR = YES;
				GCC_WARN_UNINITIALIZED_AUTOS = YES_AGGRESSIVE;
				GCC_WARN_UNUSED_FUNCTION = YES;
				GCC_WARN_UNUSED_VARIABLE = YES;
				IPHONEOS_DEPLOYMENT_TARGET = 26.0;
				LOCALIZATION_PREFERS_STRING_CATALOGS = YES;
				MTL_ENABLE_DEBUG_INFO = NO;
				MTL_FAST_MATH = YES;
				SDKROOT = iphoneos;
				SWIFT_COMPILATION_MODE = wholemodule;
				VALIDATE_PRODUCT = YES;
			};
			name = Release;
		};
		CDB6F38E2EDC7F6600F0068D /* Debug */ = {
			isa = XCBuildConfiguration;
			buildSettings = {
				ASSETCATALOG_COMPILER_APPICON_NAME = AppIcon;
				ASSETCATALOG_COMPILER_GLOBAL_ACCENT_COLOR_NAME = AccentColor;
				CODE_SIGN_STYLE = Automatic;
				CURRENT_PROJECT_VERSION = 1;
				DEVELOPMENT_TEAM = 6FWFT83RND;
				ENABLE_PREVIEWS = YES;
				GENERATE_INFOPLIST_FILE = YES;
				INFOPLIST_KEY_UIApplicationSceneManifest_Generation = YES;
				INFOPLIST_KEY_UIApplicationSupportsIndirectInputEvents = YES;
				INFOPLIST_KEY_UILaunchScreen_Generation = YES;
				INFOPLIST_KEY_UISupportedInterfaceOrientations_iPad = "UIInterfaceOrientationPortrait UIInterfaceOrientationPortraitUpsideDown UIInterfaceOrientationLandscapeLeft UIInterfaceOrientationLandscapeRight";
				INFOPLIST_KEY_UISupportedInterfaceOrientations_iPhone = "UIInterfaceOrientationPortrait UIInterfaceOrientationLandscapeLeft UIInterfaceOrientationLandscapeRight";
				LD_RUNPATH_SEARCH_PATHS = (
					"$(inherited)",
					"@executable_path/Frameworks",
				);
				MARKETING_VERSION = 1.0;
				PRODUCT_BUNDLE_IDENTIFIER = "com.najd.hiajaa-challenge-3";
				PRODUCT_NAME = "$(TARGET_NAME)";
				STRING_CATALOG_GENERATE_SYMBOLS = YES;
				SWIFT_APPROACHABLE_CONCURRENCY = YES;
				SWIFT_DEFAULT_ACTOR_ISOLATION = MainActor;
				SWIFT_EMIT_LOC_STRINGS = YES;
				SWIFT_UPCOMING_FEATURE_MEMBER_IMPORT_VISIBILITY = YES;
				SWIFT_VERSION = 5.0;
				TARGETED_DEVICE_FAMILY = "1,2";
			};
			name = Debug;
		};
		CDB6F38F2EDC7F6600F0068D /* Release */ = {
			isa = XCBuildConfiguration;
			buildSettings = {
				ASSETCATALOG_COMPILER_APPICON_NAME = AppIcon;
				ASSETCATALOG_COMPILER_GLOBAL_ACCENT_COLOR_NAME = AccentColor;
				CODE_SIGN_STYLE = Automatic;
				CURRENT_PROJECT_VERSION = 1;
				DEVELOPMENT_TEAM = 6FWFT83RND;
				ENABLE_PREVIEWS = YES;
				GENERATE_INFOPLIST_FILE = YES;
				INFOPLIST_KEY_UIApplicationSceneManifest_Generation = YES;
				INFOPLIST_KEY_UIApplicationSupportsIndirectInputEvents = YES;
				INFOPLIST_KEY_UILaunchScreen_Generation = YES;
				INFOPLIST_KEY_UISupportedInterfaceOrientations_iPad = "UIInterfaceOrientationPortrait UIInterfaceOrientationPortraitUpsideDown UIInterfaceOrientationLandscapeLeft UIInterfaceOrientationLandscapeRight";
				INFOPLIST_KEY_UISupportedInterfaceOrientations_iPhone = "UIInterfaceOrientationPortrait UIInterfaceOrientationLandscapeLeft UIInterfaceOrientationLandscapeRight";
				LD_RUNPATH_SEARCH_PATHS = (
					"$(inherited)",
					"@executable_path/Frameworks",
				);
				MARKETING_VERSION = 1.0;
				PRODUCT_BUNDLE_IDENTIFIER = "com.najd.hiajaa-challenge-3";
				PRODUCT_NAME = "$(TARGET_NAME)";
				STRING_CATALOG_GENERATE_SYMBOLS = YES;
				SWIFT_APPROACHABLE_CONCURRENCY = YES;
				SWIFT_DEFAULT_ACTOR_ISOLATION = MainActor;
				SWIFT_EMIT_LOC_STRINGS = YES;
				SWIFT_UPCOMING_FEATURE_MEMBER_IMPORT_VISIBILITY = YES;
				SWIFT_VERSION = 5.0;
				TARGETED_DEVICE_FAMILY = "1,2";
			};
			name = Release;
		};
		CDB6F3912EDC7F6600F0068D /* Debug */ = {
			isa = XCBuildConfiguration;
			buildSettings = {
				BUNDLE_LOADER = "$(TEST_HOST)";
				CODE_SIGN_STYLE = Automatic;
				CURRENT_PROJECT_VERSION = 1;
				DEVELOPMENT_TEAM = 6FWFT83RND;
				GENERATE_INFOPLIST_FILE = YES;
				IPHONEOS_DEPLOYMENT_TARGET = 26.0;
				MARKETING_VERSION = 1.0;
				PRODUCT_BUNDLE_IDENTIFIER = "com.najd.hiajaa-challenge-3Tests";
				PRODUCT_NAME = "$(TARGET_NAME)";
				STRING_CATALOG_GENERATE_SYMBOLS = NO;
				SWIFT_APPROACHABLE_CONCURRENCY = YES;
				SWIFT_EMIT_LOC_STRINGS = NO;
				SWIFT_UPCOMING_FEATURE_MEMBER_IMPORT_VISIBILITY = YES;
				SWIFT_VERSION = 5.0;
				TARGETED_DEVICE_FAMILY = "1,2";
				TEST_HOST = "$(BUILT_PRODUCTS_DIR)/hiajaa_challenge 3.app/$(BUNDLE_EXECUTABLE_FOLDER_PATH)/hiajaa_challenge 3";
			};
			name = Debug;
		};
		CDB6F3922EDC7F6600F0068D /* Release */ = {
			isa = XCBuildConfiguration;
			buildSettings = {
				BUNDLE_LOADER = "$(TEST_HOST)";
				CODE_SIGN_STYLE = Automatic;
				CURRENT_PROJECT_VERSION = 1;
				DEVELOPMENT_TEAM = 6FWFT83RND;
				GENERATE_INFOPLIST_FILE = YES;
				IPHONEOS_DEPLOYMENT_TARGET = 26.0;
				MARKETING_VERSION = 1.0;
				PRODUCT_BUNDLE_IDENTIFIER = "com.najd.hiajaa-challenge-3Tests";
				PRODUCT_NAME = "$(TARGET_NAME)";
				STRING_CATALOG_GENERATE_SYMBOLS = NO;
				SWIFT_APPROACHABLE_CONCURRENCY = YES;
				SWIFT_EMIT_LOC_STRINGS = NO;
				SWIFT_UPCOMING_FEATURE_MEMBER_IMPORT_VISIBILITY = YES;
				SWIFT_VERSION = 5.0;
				TARGETED_DEVICE_FAMILY = "1,2";
				TEST_HOST = "$(BUILT_PRODUCTS_DIR)/hiajaa_challenge 3.app/$(BUNDLE_EXECUTABLE_FOLDER_PATH)/hiajaa_challenge 3";
			};
			name = Release;
		};
		CDB6F3942EDC7F6600F0068D /* Debug */ = {
			isa = XCBuildConfiguration;
			buildSettings = {
				CODE_SIGN_STYLE = Automatic;
				CURRENT_PROJECT_VERSION = 1;
				DEVELOPMENT_TEAM = 6FWFT83RND;
				GENERATE_INFOPLIST_FILE = YES;
				MARKETING_VERSION = 1.0;
				PRODUCT_BUNDLE_IDENTIFIER = "com.najd.hiajaa-challenge-3UITests";
				PRODUCT_NAME = "$(TARGET_NAME)";
				STRING_CATALOG_GENERATE_SYMBOLS = NO;
				SWIFT_APPROACHABLE_CONCURRENCY = YES;
				SWIFT_EMIT_LOC_STRINGS = NO;
				SWIFT_UPCOMING_FEATURE_MEMBER_IMPORT_VISIBILITY = YES;
				SWIFT_VERSION = 5.0;
				TARGETED_DEVICE_FAMILY = "1,2";
				TEST_TARGET_NAME = "hiajaa_challenge 3";
			};
			name = Debug;
		};
		CDB6F3952EDC7F6600F0068D /* Release */ = {
			isa = XCBuildConfiguration;
			buildSettings = {
				CODE_SIGN_STYLE = Automatic;
				CURRENT_PROJECT_VERSION = 1;
				DEVELOPMENT_TEAM = 6FWFT83RND;
				GENERATE_INFOPLIST_FILE = YES;
				MARKETING_VERSION = 1.0;
				PRODUCT_BUNDLE_IDENTIFIER = "com.najd.hiajaa-challenge-3UITests";
				PRODUCT_NAME = "$(TARGET_NAME)";
				STRING_CATALOG_GENERATE_SYMBOLS = NO;
				SWIFT_APPROACHABLE_CONCURRENCY = YES;
				SWIFT_EMIT_LOC_STRINGS = NO;
				SWIFT_UPCOMING_FEATURE_MEMBER_IMPORT_VISIBILITY = YES;
				SWIFT_VERSION = 5.0;
				TARGETED_DEVICE_FAMILY = "1,2";
				TEST_TARGET_NAME = "hiajaa_challenge 3";
			};
			name = Release;
		};
/* End XCBuildConfiguration section */

/* Begin XCConfigurationList section */
		CDB6F3672EDC7F6500F0068D /* Build configuration list for PBXProject "hiajaa_challenge 3" */ = {
			isa = XCConfigurationList;
			buildConfigurations = (
				CDB6F38B2EDC7F6600F0068D /* Debug */,
				CDB6F38C2EDC7F6600F0068D /* Release */,
			);
			defaultConfigurationIsVisible = 0;
			defaultConfigurationName = Release;
		};
		CDB6F38D2EDC7F6600F0068D /* Build configuration list for PBXNativeTarget "hiajaa_challenge 3" */ = {
			isa = XCConfigurationList;
			buildConfigurations = (
				CDB6F38E2EDC7F6600F0068D /* Debug */,
				CDB6F38F2EDC7F6600F0068D /* Release */,
			);
			defaultConfigurationIsVisible = 0;
			defaultConfigurationName = Release;
		};
		CDB6F3902EDC7F6600F0068D /* Build configuration list for PBXNativeTarget "hiajaa_challenge 3Tests" */ = {
			isa = XCConfigurationList;
			buildConfigurations = (
				CDB6F3912EDC7F6600F0068D /* Debug */,
				CDB6F3922EDC7F6600F0068D /* Release */,
			);
			defaultConfigurationIsVisible = 0;
			defaultConfigurationName = Release;
		};
		CDB6F3932EDC7F6600F0068D /* Build configuration list for PBXNativeTarget "hiajaa_challenge 3UITests" */ = {
			isa = XCConfigurationList;
			buildConfigurations = (
				CDB6F3942EDC7F6600F0068D /* Debug */,
				CDB6F3952EDC7F6600F0068D /* Release */,
			);
			defaultConfigurationIsVisible = 0;
			defaultConfigurationName = Release;
		};
/* End XCConfigurationList section */
	};
	rootObject = CDB6F3642EDC7F6500F0068D /* Project object */;
}
